
Microsoft Visual Studio Solution File, Format Version 12.00
# Visual Studio 15
VisualStudioVersion = 15.0.27130.2027
MinimumVisualStudioVersion = 10.0.40219.1
Project("{FAE04EC0-301F-11D3-BF4B-00C04F79EFBC}") = "DotNetCoreVueTemplate", "DotNetCoreVueTemplate\DotNetCoreVueTemplate.csproj", "{0F65F487-09F3-40A6-BB86-0D271D0CB84D}"
EndProject
Global
	GlobalSection(SolutionConfigurationPlatforms) = preSolution
		Debug|Any CPU = Debug|Any CPU
		Release|Any CPU = Release|Any CPU
	EndGlobalSection
	GlobalSection(ProjectConfigurationPlatforms) = postSolution
		{0F65F487-09F3-40A6-BB86-0D271D0CB84D}.Debug|Any CPU.ActiveCfg = Debug|Any CPU
		{0F65F487-09F3-40A6-BB86-0D271D0CB84D}.Debug|Any CPU.Build.0 = Debug|Any CPU
		{0F65F487-09F3-40A6-BB86-0D271D0CB84D}.Release|Any CPU.ActiveCfg = Release|Any CPU
		{0F65F487-09F3-40A6-BB86-0D271D0CB84D}.Release|Any CPU.Build.0 = Release|Any CPU
	EndGlobalSection
	GlobalSection(SolutionProperties) = preSolution
		HideSolutionNode = FALSE
	EndGlobalSection
	GlobalSection(ExtensibilityGlobals) = postSolution
		SolutionGuid = {317E0FFB-DB46-4046-A344-77152865D8A4}
	EndGlobalSection
EndGlobal
